// !$*UTF8*$!
{
	archiveVersion = 1;
	classes = {
	};
	objectVersion = 77;
	objects = {

/* Begin PBXBuildFile section */
		3DDC69F32EB214CF0089CD5D /* README in Resources */ = {isa = PBXBuildFile; fileRef = 3DDC69F22EB214CF0089CD5D /* README */; };
		3DDC69F52EB218020089CD5D /* LICENSE in Resources */ = {isa = PBXBuildFile; fileRef = 3DDC69F42EB218020089CD5D /* LICENSE */; };
/* End PBXBuildFile section */

/* Begin PBXFileReference section */
		3D8C015E2EB2393600E51B4A /* LEGAL.md */ = {isa = PBXFileReference; lastKnownFileType = net.daringfireball.markdown; path = LEGAL.md; sourceTree = "<group>"; };
		3DDC69D72EB1FE280089CD5D /* Swap Puzzle Game.app */ = {isa = PBXFileReference; explicitFileType = wrapper.application; includeInIndex = 0; path = "Swap Puzzle Game.app"; sourceTree = BUILT_PRODUCTS_DIR; };
		3DDC69F22EB214CF0089CD5D /* README */ = {isa = PBXFileReference; lastKnownFileType = text; path = README; sourceTree = "<group>"; };
		3DDC69F42EB218020089CD5D /* LICENSE */ = {isa = PBXFileReference; lastKnownFileType = text; path = LICENSE; sourceTree = "<group>"; };
/* End PBXFileReference section */

/* Begin PBXFileSystemSynchronizedBuildFileExceptionSet section */
		3DDC69C22EB1FABE0089CD5D /* Exceptions for "Extensions" folder in "Swap Puzzle Game" target */ = {
			isa = PBXFileSystemSynchronizedBuildFileExceptionSet;
			membershipExceptions = (
				"UIImage+Normalized.swift",
			);
			target = 3DDC698C2EB1F4C60089CD5D /* Swap Puzzle Game */;
		};
		3DDC69C52EB1FADB0089CD5D /* Exceptions for "Components" folder in "Swap Puzzle Game" target */ = {
			isa = PBXFileSystemSynchronizedBuildFileExceptionSet;
			membershipExceptions = (
				ButtonStyles.swift,
				PhotoPicker.swift,
			);
			target = 3DDC698C2EB1F4C60089CD5D /* Swap Puzzle Game */;
		};
		3DDC69CB2EB1FB160089CD5D /* Exceptions for "ViewModels" folder in "Swap Puzzle Game" target */ = {
			isa = PBXFileSystemSynchronizedBuildFileExceptionSet;
			membershipExceptions = (
				SlidingPuzzleViewModel.swift,
			);
			target = 3DDC698C2EB1F4C60089CD5D /* Swap Puzzle Game */;
		};
		3DDC69CE2EB1FB3C0089CD5D /* Exceptions for "Views" folder in "Swap Puzzle Game" target */ = {
			isa = PBXFileSystemSynchronizedBuildFileExceptionSet;
			membershipExceptions = (
				ContentView.swift,
				SettingsView.swift,
				SlidingPuzzleView.swift,
			);
			target = 3DDC698C2EB1F4C60089CD5D /* Swap Puzzle Game */;
		};
		3DDC69D22EB1FDBD0089CD5D /* Exceptions for "Models" folder in "Swap Puzzle Game" target */ = {
			isa = PBXFileSystemSynchronizedBuildFileExceptionSet;
			membershipExceptions = (
				Tile.swift,
			);
			target = 3DDC698C2EB1F4C60089CD5D /* Swap Puzzle Game */;
		};
		3DDC69EF2EB1FE410089CD5D /* Exceptions for "Utilities" folder in "Swap Puzzle Game" target */ = {
			isa = PBXFileSystemSynchronizedBuildFileExceptionSet;
			membershipExceptions = (
				Math.swift,
			);
			target = 3DDC698C2EB1F4C60089CD5D /* Swap Puzzle Game */;
		};
/* End PBXFileSystemSynchronizedBuildFileExceptionSet section */

/* Begin PBXFileSystemSynchronizedRootGroup section */
		3DDC69A92EB1F8770089CD5D /* SwapPuzzleGame */ = {
			isa = PBXFileSystemSynchronizedRootGroup;
			path = SwapPuzzleGame;
			sourceTree = "<group>";
		};
		3DDC69B42EB1FA010089CD5D /* Components */ = {
			isa = PBXFileSystemSynchronizedRootGroup;
			exceptions = (
				3DDC69C52EB1FADB0089CD5D /* Exceptions for "Components" folder in "Swap Puzzle Game" target */,
			);
			path = Components;
			sourceTree = "<group>";
		};
		3DDC69B52EB1FA010089CD5D /* Utilities */ = {
			isa = PBXFileSystemSynchronizedRootGroup;
			exceptions = (
				3DDC69EF2EB1FE410089CD5D /* Exceptions for "Utilities" folder in "Swap Puzzle Game" target */,
			);
			path = Utilities;
			sourceTree = "<group>";
		};
		3DDC69B62EB1FA010089CD5D /* Views */ = {
			isa = PBXFileSystemSynchronizedRootGroup;
			exceptions = (
				3DDC69CE2EB1FB3C0089CD5D /* Exceptions for "Views" folder in "Swap Puzzle Game" target */,
			);
			path = Views;
			sourceTree = "<group>";
		};
		3DDC69B72EB1FA010089CD5D /* Models */ = {
			isa = PBXFileSystemSynchronizedRootGroup;
			exceptions = (
				3DDC69D22EB1FDBD0089CD5D /* Exceptions for "Models" folder in "Swap Puzzle Game" target */,
			);
			path = Models;
			sourceTree = "<group>";
		};
		3DDC69B82EB1FA010089CD5D /* ViewModels */ = {
			isa = PBXFileSystemSynchronizedRootGroup;
			exceptions = (
				3DDC69CB2EB1FB160089CD5D /* Exceptions for "ViewModels" folder in "Swap Puzzle Game" target */,
			);
			path = ViewModels;
			sourceTree = "<group>";
		};
		3DDC69B92EB1FA010089CD5D /* Extensions */ = {
			isa = PBXFileSystemSynchronizedRootGroup;
			exceptions = (
				3DDC69C22EB1FABE0089CD5D /* Exceptions for "Extensions" folder in "Swap Puzzle Game" target */,
			);
			path = Extensions;
			sourceTree = "<group>";
		};
/* End PBXFileSystemSynchronizedRootGroup section */

/* Begin PBXFrameworksBuildPhase section */
		3DDC698A2EB1F4C60089CD5D /* Frameworks */ = {
			isa = PBXFrameworksBuildPhase;
			buildActionMask = 2147483647;
			files = (
			);
			runOnlyForDeploymentPostprocessing = 0;
		};
/* End PBXFrameworksBuildPhase section */

/* Begin PBXGroup section */
		3DDC69842EB1F4C60089CD5D = {
			isa = PBXGroup;
			children = (
				3DDC69B52EB1FA010089CD5D /* Utilities */,
				3DDC69B92EB1FA010089CD5D /* Extensions */,
				3DDC69B42EB1FA010089CD5D /* Components */,
				3DDC69B62EB1FA010089CD5D /* Views */,
				3DDC69B82EB1FA010089CD5D /* ViewModels */,
				3DDC69B72EB1FA010089CD5D /* Models */,
				3DDC69A92EB1F8770089CD5D /* SwapPuzzleGame */,
				3DDC69D72EB1FE280089CD5D /* Swap Puzzle Game.app */,
				3DDC69F22EB214CF0089CD5D /* README */,
				3DDC69F42EB218020089CD5D /* LICENSE */,
				3D8C015E2EB2393600E51B4A /* LEGAL.md */,
			);
			sourceTree = "<group>";
		};
/* End PBXGroup section */

/* Begin PBXNativeTarget section */
		3DDC698C2EB1F4C60089CD5D /* Swap Puzzle Game */ = {
			isa = PBXNativeTarget;
			buildConfigurationList = 3DDC69982EB1F4C80089CD5D /* Build configuration list for PBXNativeTarget "Swap Puzzle Game" */;
			buildPhases = (
				3DDC69892EB1F4C60089CD5D /* Sources */,
				3DDC698A2EB1F4C60089CD5D /* Frameworks */,
				3DDC698B2EB1F4C60089CD5D /* Resources */,
			);
			buildRules = (
			);
			dependencies = (
			);
			fileSystemSynchronizedGroups = (
				3DDC69A92EB1F8770089CD5D /* SwapPuzzleGame */,
			);
			name = "Swap Puzzle Game";
			packageProductDependencies = (
			);
			productName = "Swap Puzzle Game";
			productReference = 3DDC69D72EB1FE280089CD5D /* Swap Puzzle Game.app */;
			productType = "com.apple.product-type.application";
		};
/* End PBXNativeTarget section */

/* Begin PBXProject section */
		3DDC69852EB1F4C60089CD5D /* Project object */ = {
			isa = PBXProject;
			attributes = {
				BuildIndependentTargetsInParallel = 1;
				LastSwiftUpdateCheck = 2600;
				LastUpgradeCheck = 2600;
				TargetAttributes = {
					3DDC698C2EB1F4C60089CD5D = {
						CreatedOnToolsVersion = 26.0.1;
					};
				};
			};
			buildConfigurationList = 3DDC69882EB1F4C60089CD5D /* Build configuration list for PBXProject "SwapPuzzleGame" */;
			developmentRegion = en;
			hasScannedForEncodings = 0;
			knownRegions = (
				en,
				Base,
			);
			mainGroup = 3DDC69842EB1F4C60089CD5D;
			minimizedProjectReferenceProxies = 1;
			preferredProjectObjectVersion = 77;
			productRefGroup = 3DDC69842EB1F4C60089CD5D;
			projectDirPath = "";
			projectRoot = "";
			targets = (
				3DDC698C2EB1F4C60089CD5D /* Swap Puzzle Game */,
			);
		};
/* End PBXProject section */

/* Begin PBXResourcesBuildPhase section */
		3DDC698B2EB1F4C60089CD5D /* Resources */ = {
			isa = PBXResourcesBuildPhase;
			buildActionMask = 2147483647;
			files = (
				3DDC69F52EB218020089CD5D /* LICENSE in Resources */,
				3DDC69F32EB214CF0089CD5D /* README in Resources */,
			);
			runOnlyForDeploymentPostprocessing = 0;
		};
/* End PBXResourcesBuildPhase section */

/* Begin PBXSourcesBuildPhase section */
		3DDC69892EB1F4C60089CD5D /* Sources */ = {
			isa = PBXSourcesBuildPhase;
			buildActionMask = 2147483647;
			files = (
			);
			runOnlyForDeploymentPostprocessing = 0;
		};
/* End PBXSourcesBuildPhase section */

/* Begin XCBuildConfiguration section */
		3DDC69962EB1F4C80089CD5D /* Debug */ = {
			isa = XCBuildConfiguration;
			buildSettings = {
				ALWAYS_SEARCH_USER_PATHS = NO;
				ASSETCATALOG_COMPILER_GENERATE_SWIFT_ASSET_SYMBOL_EXTENSIONS = YES;
				CLANG_ANALYZER_NONNULL = YES;
				CLANG_ANALYZER_NUMBER_OBJECT_CONVERSION = YES_AGGRESSIVE;
				CLANG_CXX_LANGUAGE_STANDARD = "gnu++20";
				CLANG_ENABLE_MODULES = YES;
				CLANG_ENABLE_OBJC_ARC = YES;
				CLANG_ENABLE_OBJC_WEAK = YES;
				CLANG_WARN_BLOCK_CAPTURE_AUTORELEASING = YES;
				CLANG_WARN_BOOL_CONVERSION = YES;
				CLANG_WARN_COMMA = YES;
				CLANG_WARN_CONSTANT_CONVERSION = YES;
				CLANG_WARN_DEPRECATED_OBJC_IMPLEMENTATIONS = YES;
				CLANG_WARN_DIRECT_OBJC_ISA_USAGE = YES_ERROR;
				CLANG_WARN_DOCUMENTATION_COMMENTS = YES;
				CLANG_WARN_EMPTY_BODY = YES;
				CLANG_WARN_ENUM_CONVERSION = YES;
				CLANG_WARN_INFINITE_RECURSION = YES;
				CLANG_WARN_INT_CONVERSION = YES;
				CLANG_WARN_NON_LITERAL_NULL_CONVERSION = YES;
				CLANG_WARN_OBJC_IMPLICIT_RETAIN_SELF = YES;
				CLANG_WARN_OBJC_LITERAL_CONVERSION = YES;
				CLANG_WARN_OBJC_ROOT_CLASS = YES_ERROR;
				CLANG_WARN_QUOTED_INCLUDE_IN_FRAMEWORK_HEADER = YES;
				CLANG_WARN_RANGE_LOOP_ANALYSIS = YES;
				CLANG_WARN_STRICT_PROTOTYPES = YES;
				CLANG_WARN_SUSPICIOUS_MOVE = YES;
				CLANG_WARN_UNGUARDED_AVAILABILITY = YES_AGGRESSIVE;
				CLANG_WARN_UNREACHABLE_CODE = YES;
				CLANG_WARN__DUPLICATE_METHOD_MATCH = YES;
				COPY_PHASE_STRIP = NO;
				DEBUG_INFORMATION_FORMAT = dwarf;
				DEVELOPMENT_TEAM = S3BW3H9PM4;
				ENABLE_STRICT_OBJC_MSGSEND = YES;
				ENABLE_TESTABILITY = YES;
				ENABLE_USER_SCRIPT_SANDBOXING = YES;
				GCC_C_LANGUAGE_STANDARD = gnu17;
				GCC_DYNAMIC_NO_PIC = NO;
				GCC_NO_COMMON_BLOCKS = YES;
				GCC_OPTIMIZATION_LEVEL = 0;
				GCC_PREPROCESSOR_DEFINITIONS = (
					"DEBUG=1",
					"$(inherited)",
				);
				GCC_WARN_64_TO_32_BIT_CONVERSION = YES;
				GCC_WARN_ABOUT_RETURN_TYPE = YES_ERROR;
				GCC_WARN_UNDECLARED_SELECTOR = YES;
				GCC_WARN_UNINITIALIZED_AUTOS = YES_AGGRESSIVE;
				GCC_WARN_UNUSED_FUNCTION = YES;
				GCC_WARN_UNUSED_VARIABLE = YES;
				IPHONEOS_DEPLOYMENT_TARGET = 26.0;
				LOCALIZATION_PREFERS_STRING_CATALOGS = YES;
				MTL_ENABLE_DEBUG_INFO = INCLUDE_SOURCE;
				MTL_FAST_MATH = YES;
				ONLY_ACTIVE_ARCH = YES;
				SDKROOT = iphoneos;
				SWIFT_ACTIVE_COMPILATION_CONDITIONS = "DEBUG $(inherited)";
				SWIFT_OPTIMIZATION_LEVEL = "-Onone";
			};
			name = Debug;
		};
		3DDC69972EB1F4C80089CD5D /* Release */ = {
			isa = XCBuildConfiguration;
			buildSettings = {
				ALWAYS_SEARCH_USER_PATHS = NO;
				ASSETCATALOG_COMPILER_GENERATE_SWIFT_ASSET_SYMBOL_EXTENSIONS = YES;
				CLANG_ANALYZER_NONNULL = YES;
				CLANG_ANALYZER_NUMBER_OBJECT_CONVERSION = YES_AGGRESSIVE;
				CLANG_CXX_LANGUAGE_STANDARD = "gnu++20";
				CLANG_ENABLE_MODULES = YES;
				CLANG_ENABLE_OBJC_ARC = YES;
				CLANG_ENABLE_OBJC_WEAK = YES;
				CLANG_WARN_BLOCK_CAPTURE_AUTORELEASING = YES;
				CLANG_WARN_BOOL_CONVERSION = YES;
				CLANG_WARN_COMMA = YES;
				CLANG_WARN_CONSTANT_CONVERSION = YES;
				CLANG_WARN_DEPRECATED_OBJC_IMPLEMENTATIONS = YES;
				CLANG_WARN_DIRECT_OBJC_ISA_USAGE = YES_ERROR;
				CLANG_WARN_DOCUMENTATION_COMMENTS = YES;
				CLANG_WARN_EMPTY_BODY = YES;
				CLANG_WARN_ENUM_CONVERSION = YES;
				CLANG_WARN_INFINITE_RECURSION = YES;
				CLANG_WARN_INT_CONVERSION = YES;
				CLANG_WARN_NON_LITERAL_NULL_CONVERSION = YES;
				CLANG_WARN_OBJC_IMPLICIT_RETAIN_SELF = YES;
				CLANG_WARN_OBJC_LITERAL_CONVERSION = YES;
				CLANG_WARN_OBJC_ROOT_CLASS = YES_ERROR;
				CLANG_WARN_QUOTED_INCLUDE_IN_FRAMEWORK_HEADER = YES;
				CLANG_WARN_RANGE_LOOP_ANALYSIS = YES;
				CLANG_WARN_STRICT_PROTOTYPES = YES;
				CLANG_WARN_SUSPICIOUS_MOVE = YES;
				CLANG_WARN_UNGUARDED_AVAILABILITY = YES_AGGRESSIVE;
				CLANG_WARN_UNREACHABLE_CODE = YES;
				CLANG_WARN__DUPLICATE_METHOD_MATCH = YES;
				COPY_PHASE_STRIP = NO;
				DEBUG_INFORMATION_FORMAT = "dwarf-with-dsym";
				DEVELOPMENT_TEAM = S3BW3H9PM4;
				ENABLE_NS_ASSERTIONS = NO;
				ENABLE_STRICT_OBJC_MSGSEND = YES;
				ENABLE_USER_SCRIPT_SANDBOXING = YES;
				GCC_C_LANGUAGE_STANDARD = gnu17;
				GCC_NO_COMMON_BLOCKS = YES;
				GCC_WARN_64_TO_32_BIT_CONVERSION = YES;
				GCC_WARN_ABOUT_RETURN_TYPE = YES_ERROR;
				GCC_WARN_UNDECLARED_SELECTOR = YES;
				GCC_WARN_UNINITIALIZED_AUTOS = YES_AGGRESSIVE;
				GCC_WARN_UNUSED_FUNCTION = YES;
				GCC_WARN_UNUSED_VARIABLE = YES;
				IPHONEOS_DEPLOYMENT_TARGET = 26.0;
				LOCALIZATION_PREFERS_STRING_CATALOGS = YES;
				MTL_ENABLE_DEBUG_INFO = NO;
				MTL_FAST_MATH = YES;
				SDKROOT = iphoneos;
				SWIFT_COMPILATION_MODE = wholemodule;
				VALIDATE_PRODUCT = YES;
			};
			name = Release;
		};
		3DDC69992EB1F4C80089CD5D /* Debug */ = {
			isa = XCBuildConfiguration;
			buildSettings = {
				ASSETCATALOG_COMPILER_APPICON_NAME = AppIcon;
				ASSETCATALOG_COMPILER_GLOBAL_ACCENT_COLOR_NAME = AccentColor;
				CODE_SIGN_STYLE = Automatic;
				CURRENT_PROJECT_VERSION = 1;
				DEVELOPMENT_TEAM = S3BW3H9PM4;
				ENABLE_PREVIEWS = YES;
				GENERATE_INFOPLIST_FILE = YES;
				INFOPLIST_KEY_UIApplicationSceneManifest_Generation = YES;
				INFOPLIST_KEY_UIApplicationSupportsIndirectInputEvents = YES;
				INFOPLIST_KEY_UILaunchScreen_Generation = YES;
				INFOPLIST_KEY_UISupportedInterfaceOrientations_iPad = "UIInterfaceOrientationPortrait UIInterfaceOrientationPortraitUpsideDown UIInterfaceOrientationLandscapeLeft UIInterfaceOrientationLandscapeRight";
				INFOPLIST_KEY_UISupportedInterfaceOrientations_iPhone = "UIInterfaceOrientationPortrait UIInterfaceOrientationLandscapeLeft UIInterfaceOrientationLandscapeRight";
				LD_RUNPATH_SEARCH_PATHS = (
					"$(inherited)",
					"@executable_path/Frameworks",
				);
				MARKETING_VERSION = 1.0;
				PRODUCT_BUNDLE_IDENTIFIER = "me.MiNi.Swap-Puzzle-Game";
				PRODUCT_NAME = "$(TARGET_NAME)";
				STRING_CATALOG_GENERATE_SYMBOLS = YES;
				SWIFT_APPROACHABLE_CONCURRENCY = YES;
				SWIFT_DEFAULT_ACTOR_ISOLATION = MainActor;
				SWIFT_EMIT_LOC_STRINGS = YES;
				SWIFT_UPCOMING_FEATURE_MEMBER_IMPORT_VISIBILITY = YES;
				SWIFT_VERSION = 5.0;
				TARGETED_DEVICE_FAMILY = "1,2";
			};
			name = Debug;
		};
		3DDC699A2EB1F4C80089CD5D /* Release */ = {
			isa = XCBuildConfiguration;
			buildSettings = {
				ASSETCATALOG_COMPILER_APPICON_NAME = AppIcon;
				ASSETCATALOG_COMPILER_GLOBAL_ACCENT_COLOR_NAME = AccentColor;
				CODE_SIGN_STYLE = Automatic;
				CURRENT_PROJECT_VERSION = 1;
				DEVELOPMENT_TEAM = S3BW3H9PM4;
				ENABLE_PREVIEWS = YES;
				GENERATE_INFOPLIST_FILE = YES;
				INFOPLIST_KEY_UIApplicationSceneManifest_Generation = YES;
				INFOPLIST_KEY_UIApplicationSupportsIndirectInputEvents = YES;
				INFOPLIST_KEY_UILaunchScreen_Generation = YES;
				INFOPLIST_KEY_UISupportedInterfaceOrientations_iPad = "UIInterfaceOrientationPortrait UIInterfaceOrientationPortraitUpsideDown UIInterfaceOrientationLandscapeLeft UIInterfaceOrientationLandscapeRight";
				INFOPLIST_KEY_UISupportedInterfaceOrientations_iPhone = "UIInterfaceOrientationPortrait UIInterfaceOrientationLandscapeLeft UIInterfaceOrientationLandscapeRight";
				LD_RUNPATH_SEARCH_PATHS = (
					"$(inherited)",
					"@executable_path/Frameworks",
				);
				MARKETING_VERSION = 1.0;
				PRODUCT_BUNDLE_IDENTIFIER = "me.MiNi.Swap-Puzzle-Game";
				PRODUCT_NAME = "$(TARGET_NAME)";
				STRING_CATALOG_GENERATE_SYMBOLS = YES;
				SWIFT_APPROACHABLE_CONCURRENCY = YES;
				SWIFT_DEFAULT_ACTOR_ISOLATION = MainActor;
				SWIFT_EMIT_LOC_STRINGS = YES;
				SWIFT_UPCOMING_FEATURE_MEMBER_IMPORT_VISIBILITY = YES;
				SWIFT_VERSION = 5.0;
				TARGETED_DEVICE_FAMILY = "1,2";
			};
			name = Release;
		};
/* End XCBuildConfiguration section */

/* Begin XCConfigurationList section */
		3DDC69882EB1F4C60089CD5D /* Build configuration list for PBXProject "SwapPuzzleGame" */ = {
			isa = XCConfigurationList;
			buildConfigurations = (
				3DDC69962EB1F4C80089CD5D /* Debug */,
				3DDC69972EB1F4C80089CD5D /* Release */,
			);
			defaultConfigurationIsVisible = 0;
			defaultConfigurationName = Release;
		};
		3DDC69982EB1F4C80089CD5D /* Build configuration list for PBXNativeTarget "Swap Puzzle Game" */ = {
			isa = XCConfigurationList;
			buildConfigurations = (
				3DDC69992EB1F4C80089CD5D /* Debug */,
				3DDC699A2EB1F4C80089CD5D /* Release */,
			);
			defaultConfigurationIsVisible = 0;
			defaultConfigurationName = Release;
		};
/* End XCConfigurationList section */
	};
	rootObject = 3DDC69852EB1F4C60089CD5D /* Project object */;
}
